
Microsoft Visual Studio Solution File, Format Version 12.00
# Visual Studio Version 17
VisualStudioVersion = 17.2.32630.192
MinimumVisualStudioVersion = 10.0.40219.1
Project("{FAE04EC0-301F-11D3-BF4B-00C04F79EFBC}") = "CS50", "CS50\CS50.csproj", "{BD9AA003-E03F-4D70-990F-A9B662586B6E}"
EndProject
Global
	GlobalSection(SolutionConfigurationPlatforms) = preSolution
		Debug|Any CPU = Debug|Any CPU
		Release|Any CPU = Release|Any CPU
	EndGlobalSection
	GlobalSection(ProjectConfigurationPlatforms) = postSolution
		{BD9AA003-E03F-4D70-990F-A9B662586B6E}.Debug|Any CPU.ActiveCfg = Debug|Any CPU
		{BD9AA003-E03F-4D70-990F-A9B662586B6E}.Debug|Any CPU.Build.0 = Debug|Any CPU
		{BD9AA003-E03F-4D70-990F-A9B662586B6E}.Release|Any CPU.ActiveCfg = Release|Any CPU
		{BD9AA003-E03F-4D70-990F-A9B662586B6E}.Release|Any CPU.Build.0 = Release|Any CPU
	EndGlobalSection
	GlobalSection(SolutionProperties) = preSolution
		HideSolutionNode = FALSE
	EndGlobalSection
	GlobalSection(ExtensibilityGlobals) = postSolution
		SolutionGuid = {51938662-5F53-4A3F-A9D1-E63C97E011C0}
	EndGlobalSection
EndGlobal
